{
  "object": {
    "pins": [
      {
        "package": "SnapshotTestingHEIC",
        "repositoryURL": "https://github.com/alexey1312/SnapshotTestingHEIC.git",
        "state": {
          "branch": null,
          "revision": "b177f524ebf1b0af6cd5e9c492b40a811e6828e5",
          "version": "1.5.0"
        }
      },
      {
        "package": "swift-snapshot-testing",
        "repositoryURL": "https://github.com/pointfreeco/swift-snapshot-testing.git",
        "state": {
          "branch": null,
          "revision": "7b0bbbae90c41f848f90ac7b4df6c4f50068256d",
          "version": "1.17.5"
        }
      },
      {
        "package": "swift-syntax",
        "repositoryURL": "https://github.com/swiftlang/swift-syntax",
        "state": {
          "branch": null,
          "revision": "0687f71944021d616d34d922343dcef086855920",
          "version": "600.0.1"
        }
      }
    ]
  },
  "version": 1
}
